{
  "nodes": {
    "huggin": {
      "locked": {
        "lastModified": 1769188852,
        "narHash": "sha256-aBAGyMum27K7cP5OR7BMioJOF3icquJMZDDgk6ZEg1A=",
        "owner": "nixos",
        "repo": "nixpkgs",
        "rev": "a1bab9e494f5f4939442a57a58d0449a109593fe",
        "type": "github"
      },
      "original": {
        "owner": "nixos",
        "repo": "nixpkgs",
        "rev": "a1bab9e494f5f4939442a57a58d0449a109593fe",
        "type": "github"
      }
    },
    "nixpkgs": {
      "locked": {
        "lastModified": 1771369470,
        "narHash": "sha256-0NBlEBKkN3lufyvFegY4TYv5mCNHbi5OmBDrzihbBMQ=",
        "owner": "nixos",
        "repo": "nixpkgs",
        "rev": "0182a361324364ae3f436a63005877674cf45efb",
        "type": "github"
      },
      "original": {
        "owner": "nixos",
        "ref": "nixos-unstable",
        "repo": "nixpkgs",
        "type": "github"
      }
    },
    "root": {
      "inputs": {
        "huggin": "huggin",
        "nixpkgs": "nixpkgs"
      }
    }
  },
  "root": "root",
  "version": 7
}
